
Microsoft Visual Studio Solution File, Format Version 12.00
Project("{FAE04EC0-301F-11D3-BF4B-00C04F79EFBC}") = "Nono.Client", "Nono.Client\Nono.Client.csproj", "{E42F1789-79BB-4D88-AD85-28C24D449467}"
EndProject
Project("{FAE04EC0-301F-11D3-BF4B-00C04F79EFBC}") = "Nono.Tests", "Nono.Tests\Nono.Tests.csproj", "{378110FA-F726-4F03-9614-2157A39194B7}"
EndProject
Global
	GlobalSection(SolutionConfigurationPlatforms) = preSolution
		Debug|Any CPU = Debug|Any CPU
		Release|Any CPU = Release|Any CPU
	EndGlobalSection
	GlobalSection(ProjectConfigurationPlatforms) = postSolution
		{E42F1789-79BB-4D88-AD85-28C24D449467}.Debug|Any CPU.ActiveCfg = Debug|Any CPU
		{E42F1789-79BB-4D88-AD85-28C24D449467}.Debug|Any CPU.Build.0 = Debug|Any CPU
		{E42F1789-79BB-4D88-AD85-28C24D449467}.Release|Any CPU.ActiveCfg = Release|Any CPU
		{E42F1789-79BB-4D88-AD85-28C24D449467}.Release|Any CPU.Build.0 = Release|Any CPU
		{378110FA-F726-4F03-9614-2157A39194B7}.Debug|Any CPU.ActiveCfg = Debug|Any CPU
		{378110FA-F726-4F03-9614-2157A39194B7}.Debug|Any CPU.Build.0 = Debug|Any CPU
		{378110FA-F726-4F03-9614-2157A39194B7}.Release|Any CPU.ActiveCfg = Release|Any CPU
		{378110FA-F726-4F03-9614-2157A39194B7}.Release|Any CPU.Build.0 = Release|Any CPU
	EndGlobalSection
EndGlobal
